
Microsoft Visual Studio Solution File, Format Version 12.00
# Visual Studio 15
VisualStudioVersion = 15.0.26124.0
MinimumVisualStudioVersion = 15.0.26124.0
Project("{FAE04EC0-301F-11D3-BF4B-00C04F79EFBC}") = "Chapter1_PlatformInvoke", "Chapter1_PlatformInvoke\Chapter1_PlatformInvoke.csproj", "{5C96545D-9ED2-4A5F-AD59-20F7999F05F1}"
EndProject
Project("{FAE04EC0-301F-11D3-BF4B-00C04F79EFBC}") = "Chapter2_MutationalFuzzer", "Chapter2_MutationalFuzzer\Chapter2_MutationalFuzzer.csproj", "{575DA07A-548B-4BA8-9770-1AE195BF88E0}"
EndProject
Project("{FAE04EC0-301F-11D3-BF4B-00C04F79EFBC}") = "Chapter2_SQLIFuzzer", "Chapter2_SQLIFuzzer\Chapter2_SQLIFuzzer.csproj", "{06DFC18A-0F97-4E09-81FB-ACC97503147B}"
EndProject
Project("{FAE04EC0-301F-11D3-BF4B-00C04F79EFBC}") = "Chapter2_JSONFuzzer", "Chapter2_JSONFuzzer\Chapter2_JSONFuzzer.csproj", "{405BE877-2F8B-4257-A7D7-722B64C3BC92}"
EndProject
Project("{FAE04EC0-301F-11D3-BF4B-00C04F79EFBC}") = "Chapter2_UnionBasedSQLI", "Chapter2_UnionBasedSQLI\Chapter2_UnionBasedSQLI.csproj", "{C5789E54-3A04-4D9E-9890-C8B9424403F7}"
EndProject
Global
	GlobalSection(SolutionConfigurationPlatforms) = preSolution
		Debug|Any CPU = Debug|Any CPU
		Debug|x64 = Debug|x64
		Debug|x86 = Debug|x86
		Release|Any CPU = Release|Any CPU
		Release|x64 = Release|x64
		Release|x86 = Release|x86
	EndGlobalSection
	GlobalSection(SolutionProperties) = preSolution
		HideSolutionNode = FALSE
	EndGlobalSection
	GlobalSection(ProjectConfigurationPlatforms) = postSolution
		{5C96545D-9ED2-4A5F-AD59-20F7999F05F1}.Debug|Any CPU.ActiveCfg = Debug|Any CPU
		{5C96545D-9ED2-4A5F-AD59-20F7999F05F1}.Debug|Any CPU.Build.0 = Debug|Any CPU
		{5C96545D-9ED2-4A5F-AD59-20F7999F05F1}.Debug|x64.ActiveCfg = Debug|x64
		{5C96545D-9ED2-4A5F-AD59-20F7999F05F1}.Debug|x64.Build.0 = Debug|x64
		{5C96545D-9ED2-4A5F-AD59-20F7999F05F1}.Debug|x86.ActiveCfg = Debug|x86
		{5C96545D-9ED2-4A5F-AD59-20F7999F05F1}.Debug|x86.Build.0 = Debug|x86
		{5C96545D-9ED2-4A5F-AD59-20F7999F05F1}.Release|Any CPU.ActiveCfg = Release|Any CPU
		{5C96545D-9ED2-4A5F-AD59-20F7999F05F1}.Release|Any CPU.Build.0 = Release|Any CPU
		{5C96545D-9ED2-4A5F-AD59-20F7999F05F1}.Release|x64.ActiveCfg = Release|x64
		{5C96545D-9ED2-4A5F-AD59-20F7999F05F1}.Release|x64.Build.0 = Release|x64
		{5C96545D-9ED2-4A5F-AD59-20F7999F05F1}.Release|x86.ActiveCfg = Release|x86
		{5C96545D-9ED2-4A5F-AD59-20F7999F05F1}.Release|x86.Build.0 = Release|x86
		{575DA07A-548B-4BA8-9770-1AE195BF88E0}.Debug|Any CPU.ActiveCfg = Debug|Any CPU
		{575DA07A-548B-4BA8-9770-1AE195BF88E0}.Debug|Any CPU.Build.0 = Debug|Any CPU
		{575DA07A-548B-4BA8-9770-1AE195BF88E0}.Debug|x64.ActiveCfg = Debug|x64
		{575DA07A-548B-4BA8-9770-1AE195BF88E0}.Debug|x64.Build.0 = Debug|x64
		{575DA07A-548B-4BA8-9770-1AE195BF88E0}.Debug|x86.ActiveCfg = Debug|x86
		{575DA07A-548B-4BA8-9770-1AE195BF88E0}.Debug|x86.Build.0 = Debug|x86
		{575DA07A-548B-4BA8-9770-1AE195BF88E0}.Release|Any CPU.ActiveCfg = Release|Any CPU
		{575DA07A-548B-4BA8-9770-1AE195BF88E0}.Release|Any CPU.Build.0 = Release|Any CPU
		{575DA07A-548B-4BA8-9770-1AE195BF88E0}.Release|x64.ActiveCfg = Release|x64
		{575DA07A-548B-4BA8-9770-1AE195BF88E0}.Release|x64.Build.0 = Release|x64
		{575DA07A-548B-4BA8-9770-1AE195BF88E0}.Release|x86.ActiveCfg = Release|x86
		{575DA07A-548B-4BA8-9770-1AE195BF88E0}.Release|x86.Build.0 = Release|x86
		{06DFC18A-0F97-4E09-81FB-ACC97503147B}.Debug|Any CPU.ActiveCfg = Debug|Any CPU
		{06DFC18A-0F97-4E09-81FB-ACC97503147B}.Debug|Any CPU.Build.0 = Debug|Any CPU
		{06DFC18A-0F97-4E09-81FB-ACC97503147B}.Debug|x64.ActiveCfg = Debug|x64
		{06DFC18A-0F97-4E09-81FB-ACC97503147B}.Debug|x64.Build.0 = Debug|x64
		{06DFC18A-0F97-4E09-81FB-ACC97503147B}.Debug|x86.ActiveCfg = Debug|x86
		{06DFC18A-0F97-4E09-81FB-ACC97503147B}.Debug|x86.Build.0 = Debug|x86
		{06DFC18A-0F97-4E09-81FB-ACC97503147B}.Release|Any CPU.ActiveCfg = Release|Any CPU
		{06DFC18A-0F97-4E09-81FB-ACC97503147B}.Release|Any CPU.Build.0 = Release|Any CPU
		{06DFC18A-0F97-4E09-81FB-ACC97503147B}.Release|x64.ActiveCfg = Release|x64
		{06DFC18A-0F97-4E09-81FB-ACC97503147B}.Release|x64.Build.0 = Release|x64
		{06DFC18A-0F97-4E09-81FB-ACC97503147B}.Release|x86.ActiveCfg = Release|x86
		{06DFC18A-0F97-4E09-81FB-ACC97503147B}.Release|x86.Build.0 = Release|x86
		{405BE877-2F8B-4257-A7D7-722B64C3BC92}.Debug|Any CPU.ActiveCfg = Debug|Any CPU
		{405BE877-2F8B-4257-A7D7-722B64C3BC92}.Debug|Any CPU.Build.0 = Debug|Any CPU
		{405BE877-2F8B-4257-A7D7-722B64C3BC92}.Debug|x64.ActiveCfg = Debug|x64
		{405BE877-2F8B-4257-A7D7-722B64C3BC92}.Debug|x64.Build.0 = Debug|x64
		{405BE877-2F8B-4257-A7D7-722B64C3BC92}.Debug|x86.ActiveCfg = Debug|x86
		{405BE877-2F8B-4257-A7D7-722B64C3BC92}.Debug|x86.Build.0 = Debug|x86
		{405BE877-2F8B-4257-A7D7-722B64C3BC92}.Release|Any CPU.ActiveCfg = Release|Any CPU
		{405BE877-2F8B-4257-A7D7-722B64C3BC92}.Release|Any CPU.Build.0 = Release|Any CPU
		{405BE877-2F8B-4257-A7D7-722B64C3BC92}.Release|x64.ActiveCfg = Release|x64
		{405BE877-2F8B-4257-A7D7-722B64C3BC92}.Release|x64.Build.0 = Release|x64
		{405BE877-2F8B-4257-A7D7-722B64C3BC92}.Release|x86.ActiveCfg = Release|x86
		{405BE877-2F8B-4257-A7D7-722B64C3BC92}.Release|x86.Build.0 = Release|x86
		{C5789E54-3A04-4D9E-9890-C8B9424403F7}.Debug|Any CPU.ActiveCfg = Debug|Any CPU
		{C5789E54-3A04-4D9E-9890-C8B9424403F7}.Debug|Any CPU.Build.0 = Debug|Any CPU
		{C5789E54-3A04-4D9E-9890-C8B9424403F7}.Debug|x64.ActiveCfg = Debug|x64
		{C5789E54-3A04-4D9E-9890-C8B9424403F7}.Debug|x64.Build.0 = Debug|x64
		{C5789E54-3A04-4D9E-9890-C8B9424403F7}.Debug|x86.ActiveCfg = Debug|x86
		{C5789E54-3A04-4D9E-9890-C8B9424403F7}.Debug|x86.Build.0 = Debug|x86
		{C5789E54-3A04-4D9E-9890-C8B9424403F7}.Release|Any CPU.ActiveCfg = Release|Any CPU
		{C5789E54-3A04-4D9E-9890-C8B9424403F7}.Release|Any CPU.Build.0 = Release|Any CPU
		{C5789E54-3A04-4D9E-9890-C8B9424403F7}.Release|x64.ActiveCfg = Release|x64
		{C5789E54-3A04-4D9E-9890-C8B9424403F7}.Release|x64.Build.0 = Release|x64
		{C5789E54-3A04-4D9E-9890-C8B9424403F7}.Release|x86.ActiveCfg = Release|x86
		{C5789E54-3A04-4D9E-9890-C8B9424403F7}.Release|x86.Build.0 = Release|x86
	EndGlobalSection
EndGlobal
